
Microsoft Visual Studio Solution File, Format Version 12.00
# Visual Studio Version 16
VisualStudioVersion = 16.0.31129.286
MinimumVisualStudioVersion = 10.0.40219.1
Project("{9A19103F-16F7-4668-BE54-9A1E7A4F7556}") = "Playground", "Playground\Playground.csproj", "{880972AB-02A3-489D-88EF-E3BD69A37BA6}"
EndProject
Project("{9A19103F-16F7-4668-BE54-9A1E7A4F7556}") = "Tests", "Tests\Tests.csproj", "{4FF1A3F2-4A71-4B13-BC94-DF1A5A5B6C51}"
EndProject
Project("{2150E333-8FDC-42A3-9474-1A3956D46DE8}") = "Solution Items", "Solution Items", "{24B116D5-572E-4DDC-BF00-AFB9DDF8E410}"
	ProjectSection(SolutionItems) = preProject
		.gitignore = .gitignore
	EndProjectSection
EndProject
Global
	GlobalSection(SolutionConfigurationPlatforms) = preSolution
		Debug|Any CPU = Debug|Any CPU
		Release|Any CPU = Release|Any CPU
	EndGlobalSection
	GlobalSection(ProjectConfigurationPlatforms) = postSolution
		{880972AB-02A3-489D-88EF-E3BD69A37BA6}.Debug|Any CPU.ActiveCfg = Debug|Any CPU
		{880972AB-02A3-489D-88EF-E3BD69A37BA6}.Debug|Any CPU.Build.0 = Debug|Any CPU
		{880972AB-02A3-489D-88EF-E3BD69A37BA6}.Release|Any CPU.ActiveCfg = Release|Any CPU
		{880972AB-02A3-489D-88EF-E3BD69A37BA6}.Release|Any CPU.Build.0 = Release|Any CPU
		{4FF1A3F2-4A71-4B13-BC94-DF1A5A5B6C51}.Debug|Any CPU.ActiveCfg = Debug|Any CPU
		{4FF1A3F2-4A71-4B13-BC94-DF1A5A5B6C51}.Debug|Any CPU.Build.0 = Debug|Any CPU
		{4FF1A3F2-4A71-4B13-BC94-DF1A5A5B6C51}.Release|Any CPU.ActiveCfg = Release|Any CPU
		{4FF1A3F2-4A71-4B13-BC94-DF1A5A5B6C51}.Release|Any CPU.Build.0 = Release|Any CPU
	EndGlobalSection
	GlobalSection(SolutionProperties) = preSolution
		HideSolutionNode = FALSE
	EndGlobalSection
	GlobalSection(ExtensibilityGlobals) = postSolution
		SolutionGuid = {24AA56FB-B7BA-4C65-A0B7-953E13003E2E}
	EndGlobalSection
EndGlobal
