
Microsoft Visual Studio Solution File, Format Version 12.00
# Visual Studio Version 16
VisualStudioVersion = 16.0.31129.286
MinimumVisualStudioVersion = 10.0.40219.1
Project("{9A19103F-16F7-4668-BE54-9A1E7A4F7556}") = "TransfersService.Tests", "Tests\TransfersService.Tests.csproj", "{4FF1A3F2-4A71-4B13-BC94-DF1A5A5B6C51}"
EndProject
Project("{2150E333-8FDC-42A3-9474-1A3956D46DE8}") = "Solution Items", "Solution Items", "{24B116D5-572E-4DDC-BF00-AFB9DDF8E410}"
	ProjectSection(SolutionItems) = preProject
		.gitignore = .gitignore
	EndProjectSection
EndProject
Project("{9A19103F-16F7-4668-BE54-9A1E7A4F7556}") = "PublicApi", "PublicApi\PublicApi.csproj", "{550B1072-D19B-4AA4-9D01-BC5722592E54}"
EndProject
Project("{9A19103F-16F7-4668-BE54-9A1E7A4F7556}") = "UsersService", "UsersService\UsersService.csproj", "{F4800736-372E-4EAD-AA65-D49CD43E2F7D}"
EndProject
Project("{9A19103F-16F7-4668-BE54-9A1E7A4F7556}") = "TransfersService", "TransfersModule\TransfersService.csproj", "{1A64E0B2-0DA3-43FA-A44B-AF05C384F788}"
EndProject
Project("{9A19103F-16F7-4668-BE54-9A1E7A4F7556}") = "KafkaProducer", "KafkaProducer\KafkaProducer.csproj", "{1D3B2C1E-86BF-4CCA-854E-E3847FDD92F1}"
EndProject
Project("{9A19103F-16F7-4668-BE54-9A1E7A4F7556}") = "KafkaConsumer", "KafkaConsumer\KafkaConsumer.csproj", "{233875B5-F3D7-4811-A942-E79F2678B6D6}"
EndProject
Project("{2150E333-8FDC-42A3-9474-1A3956D46DE8}") = "PublicApiModule", "PublicApiModule", "{8982103E-020D-42B6-B193-AAA4AE6EFD8E}"
EndProject
Project("{FAE04EC0-301F-11D3-BF4B-00C04F79EFBC}") = "PublicApiTests", "PublicApiTests\PublicApiTests.csproj", "{F17B9B63-FF62-4EFA-85BD-5033BEA478EB}"
EndProject
Project("{2150E333-8FDC-42A3-9474-1A3956D46DE8}") = "UsersModule", "UsersModule", "{29FEB8E0-C02D-4611-B176-6F12CDCB8781}"
EndProject
Project("{9A19103F-16F7-4668-BE54-9A1E7A4F7556}") = "UsersService.Tests", "UserServiceTests\UsersService.Tests.csproj", "{7811824B-3AC8-460B-A411-92010853BBD8}"
EndProject
Project("{2150E333-8FDC-42A3-9474-1A3956D46DE8}") = "KafkaPlayground", "KafkaPlayground", "{EE944983-C7B3-435B-B667-AE6A34152142}"
EndProject
Project("{2150E333-8FDC-42A3-9474-1A3956D46DE8}") = "TransfersModule", "TransfersModule", "{4544E87E-A98A-4B88-BB48-098F0CD4D789}"
EndProject
Project("{9A19103F-16F7-4668-BE54-9A1E7A4F7556}") = "TransferProjections", "TransferProjections\TransferProjections.csproj", "{476BACB4-153E-4C69-A91E-46001CD6D73E}"
EndProject
Project("{FAE04EC0-301F-11D3-BF4B-00C04F79EFBC}") = "TransfersService.Api", "TransfersService.Api\TransfersService.Api.csproj", "{7AF14CB4-1E8F-4A65-B509-49C603052A30}"
EndProject
Project("{FAE04EC0-301F-11D3-BF4B-00C04F79EFBC}") = "MongoChangesApi", "MongoChangesApi\MongoChangesApi.csproj", "{E2BBCFB1-74BD-4838-98B5-E954A23AEB81}"
EndProject
Global
	GlobalSection(SolutionConfigurationPlatforms) = preSolution
		Debug|Any CPU = Debug|Any CPU
		Release|Any CPU = Release|Any CPU
	EndGlobalSection
	GlobalSection(ProjectConfigurationPlatforms) = postSolution
		{4FF1A3F2-4A71-4B13-BC94-DF1A5A5B6C51}.Debug|Any CPU.ActiveCfg = Debug|Any CPU
		{4FF1A3F2-4A71-4B13-BC94-DF1A5A5B6C51}.Debug|Any CPU.Build.0 = Debug|Any CPU
		{4FF1A3F2-4A71-4B13-BC94-DF1A5A5B6C51}.Release|Any CPU.ActiveCfg = Release|Any CPU
		{4FF1A3F2-4A71-4B13-BC94-DF1A5A5B6C51}.Release|Any CPU.Build.0 = Release|Any CPU
		{550B1072-D19B-4AA4-9D01-BC5722592E54}.Debug|Any CPU.ActiveCfg = Debug|Any CPU
		{550B1072-D19B-4AA4-9D01-BC5722592E54}.Debug|Any CPU.Build.0 = Debug|Any CPU
		{550B1072-D19B-4AA4-9D01-BC5722592E54}.Release|Any CPU.ActiveCfg = Release|Any CPU
		{550B1072-D19B-4AA4-9D01-BC5722592E54}.Release|Any CPU.Build.0 = Release|Any CPU
		{F4800736-372E-4EAD-AA65-D49CD43E2F7D}.Debug|Any CPU.ActiveCfg = Debug|Any CPU
		{F4800736-372E-4EAD-AA65-D49CD43E2F7D}.Debug|Any CPU.Build.0 = Debug|Any CPU
		{F4800736-372E-4EAD-AA65-D49CD43E2F7D}.Release|Any CPU.ActiveCfg = Release|Any CPU
		{F4800736-372E-4EAD-AA65-D49CD43E2F7D}.Release|Any CPU.Build.0 = Release|Any CPU
		{1A64E0B2-0DA3-43FA-A44B-AF05C384F788}.Debug|Any CPU.ActiveCfg = Debug|Any CPU
		{1A64E0B2-0DA3-43FA-A44B-AF05C384F788}.Debug|Any CPU.Build.0 = Debug|Any CPU
		{1A64E0B2-0DA3-43FA-A44B-AF05C384F788}.Release|Any CPU.ActiveCfg = Release|Any CPU
		{1A64E0B2-0DA3-43FA-A44B-AF05C384F788}.Release|Any CPU.Build.0 = Release|Any CPU
		{1D3B2C1E-86BF-4CCA-854E-E3847FDD92F1}.Debug|Any CPU.ActiveCfg = Debug|Any CPU
		{1D3B2C1E-86BF-4CCA-854E-E3847FDD92F1}.Debug|Any CPU.Build.0 = Debug|Any CPU
		{1D3B2C1E-86BF-4CCA-854E-E3847FDD92F1}.Release|Any CPU.ActiveCfg = Release|Any CPU
		{1D3B2C1E-86BF-4CCA-854E-E3847FDD92F1}.Release|Any CPU.Build.0 = Release|Any CPU
		{233875B5-F3D7-4811-A942-E79F2678B6D6}.Debug|Any CPU.ActiveCfg = Debug|Any CPU
		{233875B5-F3D7-4811-A942-E79F2678B6D6}.Debug|Any CPU.Build.0 = Debug|Any CPU
		{233875B5-F3D7-4811-A942-E79F2678B6D6}.Release|Any CPU.ActiveCfg = Release|Any CPU
		{233875B5-F3D7-4811-A942-E79F2678B6D6}.Release|Any CPU.Build.0 = Release|Any CPU
		{F17B9B63-FF62-4EFA-85BD-5033BEA478EB}.Debug|Any CPU.ActiveCfg = Debug|Any CPU
		{F17B9B63-FF62-4EFA-85BD-5033BEA478EB}.Debug|Any CPU.Build.0 = Debug|Any CPU
		{F17B9B63-FF62-4EFA-85BD-5033BEA478EB}.Release|Any CPU.ActiveCfg = Release|Any CPU
		{F17B9B63-FF62-4EFA-85BD-5033BEA478EB}.Release|Any CPU.Build.0 = Release|Any CPU
		{7811824B-3AC8-460B-A411-92010853BBD8}.Debug|Any CPU.ActiveCfg = Debug|Any CPU
		{7811824B-3AC8-460B-A411-92010853BBD8}.Debug|Any CPU.Build.0 = Debug|Any CPU
		{7811824B-3AC8-460B-A411-92010853BBD8}.Release|Any CPU.ActiveCfg = Release|Any CPU
		{7811824B-3AC8-460B-A411-92010853BBD8}.Release|Any CPU.Build.0 = Release|Any CPU
		{476BACB4-153E-4C69-A91E-46001CD6D73E}.Debug|Any CPU.ActiveCfg = Debug|Any CPU
		{476BACB4-153E-4C69-A91E-46001CD6D73E}.Debug|Any CPU.Build.0 = Debug|Any CPU
		{476BACB4-153E-4C69-A91E-46001CD6D73E}.Release|Any CPU.ActiveCfg = Release|Any CPU
		{476BACB4-153E-4C69-A91E-46001CD6D73E}.Release|Any CPU.Build.0 = Release|Any CPU
		{7AF14CB4-1E8F-4A65-B509-49C603052A30}.Debug|Any CPU.ActiveCfg = Debug|Any CPU
		{7AF14CB4-1E8F-4A65-B509-49C603052A30}.Debug|Any CPU.Build.0 = Debug|Any CPU
		{7AF14CB4-1E8F-4A65-B509-49C603052A30}.Release|Any CPU.ActiveCfg = Release|Any CPU
		{7AF14CB4-1E8F-4A65-B509-49C603052A30}.Release|Any CPU.Build.0 = Release|Any CPU
		{E2BBCFB1-74BD-4838-98B5-E954A23AEB81}.Debug|Any CPU.ActiveCfg = Debug|Any CPU
		{E2BBCFB1-74BD-4838-98B5-E954A23AEB81}.Debug|Any CPU.Build.0 = Debug|Any CPU
		{E2BBCFB1-74BD-4838-98B5-E954A23AEB81}.Release|Any CPU.ActiveCfg = Release|Any CPU
		{E2BBCFB1-74BD-4838-98B5-E954A23AEB81}.Release|Any CPU.Build.0 = Release|Any CPU
	EndGlobalSection
	GlobalSection(SolutionProperties) = preSolution
		HideSolutionNode = FALSE
	EndGlobalSection
	GlobalSection(NestedProjects) = preSolution
		{4FF1A3F2-4A71-4B13-BC94-DF1A5A5B6C51} = {4544E87E-A98A-4B88-BB48-098F0CD4D789}
		{550B1072-D19B-4AA4-9D01-BC5722592E54} = {8982103E-020D-42B6-B193-AAA4AE6EFD8E}
		{F4800736-372E-4EAD-AA65-D49CD43E2F7D} = {29FEB8E0-C02D-4611-B176-6F12CDCB8781}
		{1A64E0B2-0DA3-43FA-A44B-AF05C384F788} = {4544E87E-A98A-4B88-BB48-098F0CD4D789}
		{1D3B2C1E-86BF-4CCA-854E-E3847FDD92F1} = {EE944983-C7B3-435B-B667-AE6A34152142}
		{233875B5-F3D7-4811-A942-E79F2678B6D6} = {EE944983-C7B3-435B-B667-AE6A34152142}
		{F17B9B63-FF62-4EFA-85BD-5033BEA478EB} = {8982103E-020D-42B6-B193-AAA4AE6EFD8E}
		{7811824B-3AC8-460B-A411-92010853BBD8} = {29FEB8E0-C02D-4611-B176-6F12CDCB8781}
		{476BACB4-153E-4C69-A91E-46001CD6D73E} = {4544E87E-A98A-4B88-BB48-098F0CD4D789}
		{7AF14CB4-1E8F-4A65-B509-49C603052A30} = {4544E87E-A98A-4B88-BB48-098F0CD4D789}
		{E2BBCFB1-74BD-4838-98B5-E954A23AEB81} = {EE944983-C7B3-435B-B667-AE6A34152142}
	EndGlobalSection
	GlobalSection(ExtensibilityGlobals) = postSolution
		SolutionGuid = {24AA56FB-B7BA-4C65-A0B7-953E13003E2E}
	EndGlobalSection
EndGlobal
